
Microsoft Visual Studio Solution File, Format Version 12.00
# Visual Studio Version 17
VisualStudioVersion = 17.4.33122.133
MinimumVisualStudioVersion = 10.0.40219.1
Project("{FAE04EC0-301F-11D3-BF4B-00C04F79EFBC}") = "WebApplication5", "WebApplication5\WebApplication5.csproj", "{8DAE6C47-BB0E-4C33-A6D7-03907C4BFD05}"
EndProject
Global
	GlobalSection(SolutionConfigurationPlatforms) = preSolution
		Debug|Any CPU = Debug|Any CPU
		Release|Any CPU = Release|Any CPU
	EndGlobalSection
	GlobalSection(ProjectConfigurationPlatforms) = postSolution
		{8DAE6C47-BB0E-4C33-A6D7-03907C4BFD05}.Debug|Any CPU.ActiveCfg = Debug|Any CPU
		{8DAE6C47-BB0E-4C33-A6D7-03907C4BFD05}.Debug|Any CPU.Build.0 = Debug|Any CPU
		{8DAE6C47-BB0E-4C33-A6D7-03907C4BFD05}.Release|Any CPU.ActiveCfg = Release|Any CPU
		{8DAE6C47-BB0E-4C33-A6D7-03907C4BFD05}.Release|Any CPU.Build.0 = Release|Any CPU
	EndGlobalSection
	GlobalSection(SolutionProperties) = preSolution
		HideSolutionNode = FALSE
	EndGlobalSection
	GlobalSection(ExtensibilityGlobals) = postSolution
		SolutionGuid = {064DAB40-B305-4FC2-A521-9B6658357B9F}
	EndGlobalSection
EndGlobal
